
Microsoft Visual Studio Solution File, Format Version 12.00
# Visual Studio Version 17
VisualStudioVersion = 17.10.34916.146
MinimumVisualStudioVersion = 10.0.40219.1
Project("{9A19103F-16F7-4668-BE54-9A1E7A4F7556}") = "CleanArchMvc.Domain", "CleanArchMvc.Domain\CleanArchMvc.Domain.csproj", "{C3B506B7-BEF4-4E0B-8918-6824FA3DA185}"
EndProject
Project("{9A19103F-16F7-4668-BE54-9A1E7A4F7556}") = "CleanArchMvc.Application", "CleanArchMvc.Application\CleanArchMvc.Application.csproj", "{4F76D317-CBB3-4B3C-B0CD-DEACED0E2273}"
EndProject
Project("{9A19103F-16F7-4668-BE54-9A1E7A4F7556}") = "CleanArchMvc.Infra.Data", "CleanArchMvc.Infra.Data\CleanArchMvc.Infra.Data.csproj", "{12A1C750-6527-483D-BB3C-41DABEFA3ACD}"
EndProject
Project("{9A19103F-16F7-4668-BE54-9A1E7A4F7556}") = "CleanArchMvc.Infra.IoC", "CleanArchMvc.Infra.IoC\CleanArchMvc.Infra.IoC.csproj", "{FC22D98A-0318-4A51-888D-4C04BB8E8CBD}"
EndProject
Project("{9A19103F-16F7-4668-BE54-9A1E7A4F7556}") = "CleanArchMvc.WebUI", "CleanArchMvc.WebUI\CleanArchMvc.WebUI.csproj", "{EBFC9BD7-CBAB-42D0-8A96-C085A31DAA4A}"
EndProject
Project("{FAE04EC0-301F-11D3-BF4B-00C04F79EFBC}") = "CleanArchMvc.Domain.Tests", "CleanArchMvc.Domain.Tests\CleanArchMvc.Domain.Tests.csproj", "{55C279C0-7AD8-4691-AA75-261689742326}"
EndProject
Global
	GlobalSection(SolutionConfigurationPlatforms) = preSolution
		Debug|Any CPU = Debug|Any CPU
		Release|Any CPU = Release|Any CPU
	EndGlobalSection
	GlobalSection(ProjectConfigurationPlatforms) = postSolution
		{C3B506B7-BEF4-4E0B-8918-6824FA3DA185}.Debug|Any CPU.ActiveCfg = Debug|Any CPU
		{C3B506B7-BEF4-4E0B-8918-6824FA3DA185}.Debug|Any CPU.Build.0 = Debug|Any CPU
		{C3B506B7-BEF4-4E0B-8918-6824FA3DA185}.Release|Any CPU.ActiveCfg = Release|Any CPU
		{C3B506B7-BEF4-4E0B-8918-6824FA3DA185}.Release|Any CPU.Build.0 = Release|Any CPU
		{4F76D317-CBB3-4B3C-B0CD-DEACED0E2273}.Debug|Any CPU.ActiveCfg = Debug|Any CPU
		{4F76D317-CBB3-4B3C-B0CD-DEACED0E2273}.Debug|Any CPU.Build.0 = Debug|Any CPU
		{4F76D317-CBB3-4B3C-B0CD-DEACED0E2273}.Release|Any CPU.ActiveCfg = Release|Any CPU
		{4F76D317-CBB3-4B3C-B0CD-DEACED0E2273}.Release|Any CPU.Build.0 = Release|Any CPU
		{12A1C750-6527-483D-BB3C-41DABEFA3ACD}.Debug|Any CPU.ActiveCfg = Debug|Any CPU
		{12A1C750-6527-483D-BB3C-41DABEFA3ACD}.Debug|Any CPU.Build.0 = Debug|Any CPU
		{12A1C750-6527-483D-BB3C-41DABEFA3ACD}.Release|Any CPU.ActiveCfg = Release|Any CPU
		{12A1C750-6527-483D-BB3C-41DABEFA3ACD}.Release|Any CPU.Build.0 = Release|Any CPU
		{FC22D98A-0318-4A51-888D-4C04BB8E8CBD}.Debug|Any CPU.ActiveCfg = Debug|Any CPU
		{FC22D98A-0318-4A51-888D-4C04BB8E8CBD}.Debug|Any CPU.Build.0 = Debug|Any CPU
		{FC22D98A-0318-4A51-888D-4C04BB8E8CBD}.Release|Any CPU.ActiveCfg = Release|Any CPU
		{FC22D98A-0318-4A51-888D-4C04BB8E8CBD}.Release|Any CPU.Build.0 = Release|Any CPU
		{EBFC9BD7-CBAB-42D0-8A96-C085A31DAA4A}.Debug|Any CPU.ActiveCfg = Debug|Any CPU
		{EBFC9BD7-CBAB-42D0-8A96-C085A31DAA4A}.Debug|Any CPU.Build.0 = Debug|Any CPU
		{EBFC9BD7-CBAB-42D0-8A96-C085A31DAA4A}.Release|Any CPU.ActiveCfg = Release|Any CPU
		{EBFC9BD7-CBAB-42D0-8A96-C085A31DAA4A}.Release|Any CPU.Build.0 = Release|Any CPU
		{55C279C0-7AD8-4691-AA75-261689742326}.Debug|Any CPU.ActiveCfg = Debug|Any CPU
		{55C279C0-7AD8-4691-AA75-261689742326}.Debug|Any CPU.Build.0 = Debug|Any CPU
		{55C279C0-7AD8-4691-AA75-261689742326}.Release|Any CPU.ActiveCfg = Release|Any CPU
		{55C279C0-7AD8-4691-AA75-261689742326}.Release|Any CPU.Build.0 = Release|Any CPU
	EndGlobalSection
	GlobalSection(SolutionProperties) = preSolution
		HideSolutionNode = FALSE
	EndGlobalSection
	GlobalSection(ExtensibilityGlobals) = postSolution
		SolutionGuid = {8AD332E5-F357-44B0-A7BB-2125B3018ABE}
	EndGlobalSection
EndGlobal
